{
  "name": "@for-0/bulma-styles",
  "version": "1.0.1",
  "lockfileVersion": 2,
  "requires": true,
  "packages": {
    "": {
      "name": "@for-0/bulma-styles",
      "version": "1.0.1",
      "license": "GPL-3.0",
      "dependencies": {
        "@bulvar/bulma": "^0.11.13"
      }
    },
    "node_modules/@bulvar/bulma": {
      "version": "0.11.13",
      "resolved": "https://registry.npmjs.org/@bulvar/bulma/-/bulma-0.11.13.tgz",
      "integrity": "sha512-5UTtxtdrHuKyh7nYFHOM9KlSz+ictO32UcT64MIjghWVL67DQAW24dMSui02gDGPL9B2o1F74W1oKdSOXJPZCA=="
    }
  },
  "dependencies": {
    "@bulvar/bulma": {
      "version": "0.11.13",
      "resolved": "https://registry.npmjs.org/@bulvar/bulma/-/bulma-0.11.13.tgz",
      "integrity": "sha512-5UTtxtdrHuKyh7nYFHOM9KlSz+ictO32UcT64MIjghWVL67DQAW24dMSui02gDGPL9B2o1F74W1oKdSOXJPZCA=="
    }
  }
}
